// !$*UTF8*$!
{
	archiveVersion = 1;
	classes = {
	};
	objectVersion = 46;
	objects = {

/* Begin PBXBuildFile section */
		4C2BC6391F54F1D30097C7BE /* AppDelegate.swift in Sources */ = {isa = PBXBuildFile; fileRef = 4C2BC6381F54F1D30097C7BE /* AppDelegate.swift */; };
		4C2BC63B1F54F1D30097C7BE /* CalculatorViewController.swift in Sources */ = {isa = PBXBuildFile; fileRef = 4C2BC63A1F54F1D30097C7BE /* CalculatorViewController.swift */; };
		4C2BC63E1F54F1D30097C7BE /* Main.storyboard in Resources */ = {isa = PBXBuildFile; fileRef = 4C2BC63C1F54F1D30097C7BE /* Main.storyboard */; };
		4C2BC6401F54F1D30097C7BE /* Assets.xcassets in Resources */ = {isa = PBXBuildFile; fileRef = 4C2BC63F1F54F1D30097C7BE /* Assets.xcassets */; };
		4C2BC6431F54F1D30097C7BE /* LaunchScreen.storyboard in Resources */ = {isa = PBXBuildFile; fileRef = 4C2BC6411F54F1D30097C7BE /* LaunchScreen.storyboard */; };
		4C2E61B21F5E377500747A2C /* CalculatorBrain.swift in Sources */ = {isa = PBXBuildFile; fileRef = 4C2E61B11F5E377500747A2C /* CalculatorBrain.swift */; };
/* End PBXBuildFile section */

/* Begin PBXFileReference section */
		4C2BC6351F54F1D30097C7BE /* Calculator.app */ = {isa = PBXFileReference; explicitFileType = wrapper.application; includeInIndex = 0; path = Calculator.app; sourceTree = BUILT_PRODUCTS_DIR; };
		4C2BC6381F54F1D30097C7BE /* AppDelegate.swift */ = {isa = PBXFileReference; lastKnownFileType = sourcecode.swift; path = AppDelegate.swift; sourceTree = "<group>"; };
		4C2BC63A1F54F1D30097C7BE /* CalculatorViewController.swift */ = {isa = PBXFileReference; lastKnownFileType = sourcecode.swift; path = CalculatorViewController.swift; sourceTree = "<group>"; };
		4C2BC63D1F54F1D30097C7BE /* Base */ = {isa = PBXFileReference; lastKnownFileType = file.storyboard; name = Base; path = Base.lproj/Main.storyboard; sourceTree = "<group>"; };
		4C2BC63F1F54F1D30097C7BE /* Assets.xcassets */ = {isa = PBXFileReference; lastKnownFileType = folder.assetcatalog; path = Assets.xcassets; sourceTree = "<group>"; };
		4C2BC6421F54F1D30097C7BE /* Base */ = {isa = PBXFileReference; lastKnownFileType = file.storyboard; name = Base; path = Base.lproj/LaunchScreen.storyboard; sourceTree = "<group>"; };
		4C2BC6441F54F1D30097C7BE /* Info.plist */ = {isa = PBXFileReference; lastKnownFileType = text.plist.xml; path = Info.plist; sourceTree = "<group>"; };
		4C2E61B11F5E377500747A2C /* CalculatorBrain.swift */ = {isa = PBXFileReference; fileEncoding = 4; lastKnownFileType = sourcecode.swift; path = CalculatorBrain.swift; sourceTree = "<group>"; };
/* End PBXFileReference section */

/* Begin PBXFrameworksBuildPhase section */
		4C2BC6321F54F1D30097C7BE /* Frameworks */ = {
			isa = PBXFrameworksBuildPhase;
			buildActionMask = 2147483647;
			files = (
			);
			runOnlyForDeploymentPostprocessing = 0;
		};
/* End PBXFrameworksBuildPhase section */

/* Begin PBXGroup section */
		4C2BC62C1F54F1D30097C7BE = {
			isa = PBXGroup;
			children = (
				4C2BC6371F54F1D30097C7BE /* Calculator */,
				4C2BC6361F54F1D30097C7BE /* Products */,
			);
			sourceTree = "<group>";
		};
		4C2BC6361F54F1D30097C7BE /* Products */ = {
			isa = PBXGroup;
			children = (
				4C2BC6351F54F1D30097C7BE /* Calculator.app */,
			);
			name = Products;
			sourceTree = "<group>";
		};
		4C2BC6371F54F1D30097C7BE /* Calculator */ = {
			isa = PBXGroup;
			children = (
				4C2E61B11F5E377500747A2C /* CalculatorBrain.swift */,
				4C2BC63A1F54F1D30097C7BE /* CalculatorViewController.swift */,
				4C2BC63C1F54F1D30097C7BE /* Main.storyboard */,
				4C2BC64A1F54F2A20097C7BE /* Supporting Files */,
			);
			path = Calculator;
			sourceTree = "<group>";
		};
		4C2BC64A1F54F2A20097C7BE /* Supporting Files */ = {
			isa = PBXGroup;
			children = (
				4C2BC6381F54F1D30097C7BE /* AppDelegate.swift */,
				4C2BC63F1F54F1D30097C7BE /* Assets.xcassets */,
				4C2BC6411F54F1D30097C7BE /* LaunchScreen.storyboard */,
				4C2BC6441F54F1D30097C7BE /* Info.plist */,
			);
			name = "Supporting Files";
			sourceTree = "<group>";
		};
/* End PBXGroup section */

/* Begin PBXNativeTarget section */
		4C2BC6341F54F1D30097C7BE /* Calculator */ = {
			isa = PBXNativeTarget;
			buildConfigurationList = 4C2BC6471F54F1D30097C7BE /* Build configuration list for PBXNativeTarget "Calculator" */;
			buildPhases = (
				4C2BC6311F54F1D30097C7BE /* Sources */,
				4C2BC6321F54F1D30097C7BE /* Frameworks */,
				4C2BC6331F54F1D30097C7BE /* Resources */,
			);
			buildRules = (
			);
			dependencies = (
			);
			name = Calculator;
			productName = Calculator;
			productReference = 4C2BC6351F54F1D30097C7BE /* Calculator.app */;
			productType = "com.apple.product-type.application";
		};
/* End PBXNativeTarget section */

/* Begin PBXProject section */
		4C2BC62D1F54F1D30097C7BE /* Project object */ = {
			isa = PBXProject;
			attributes = {
				LastSwiftUpdateCheck = 0830;
				LastUpgradeCheck = 0830;
				ORGANIZATIONNAME = "Michael Blankenship";
				TargetAttributes = {
					4C2BC6341F54F1D30097C7BE = {
						CreatedOnToolsVersion = 8.3.3;
						DevelopmentTeam = 9W2Z9UAU5L;
						ProvisioningStyle = Automatic;
					};
				};
			};
			buildConfigurationList = 4C2BC6301F54F1D30097C7BE /* Build configuration list for PBXProject "Calculator" */;
			compatibilityVersion = "Xcode 3.2";
			developmentRegion = English;
			hasScannedForEncodings = 0;
			knownRegions = (
				en,
				Base,
			);
			mainGroup = 4C2BC62C1F54F1D30097C7BE;
			productRefGroup = 4C2BC6361F54F1D30097C7BE /* Products */;
			projectDirPath = "";
			projectRoot = "";
			targets = (
				4C2BC6341F54F1D30097C7BE /* Calculator */,
			);
		};
/* End PBXProject section */

/* Begin PBXResourcesBuildPhase section */
		4C2BC6331F54F1D30097C7BE /* Resources */ = {
			isa = PBXResourcesBuildPhase;
			buildActionMask = 2147483647;
			files = (
				4C2BC6431F54F1D30097C7BE /* LaunchScreen.storyboard in Resources */,
				4C2BC6401F54F1D30097C7BE /* Assets.xcassets in Resources */,
				4C2BC63E1F54F1D30097C7BE /* Main.storyboard in Resources */,
			);
			runOnlyForDeploymentPostprocessing = 0;
		};
/* End PBXResourcesBuildPhase section */

/* Begin PBXSourcesBuildPhase section */
		4C2BC6311F54F1D30097C7BE /* Sources */ = {
			isa = PBXSourcesBuildPhase;
			buildActionMask = 2147483647;
			files = (
				4C2E61B21F5E377500747A2C /* CalculatorBrain.swift in Sources */,
				4C2BC63B1F54F1D30097C7BE /* CalculatorViewController.swift in Sources */,
				4C2BC6391F54F1D30097C7BE /* AppDelegate.swift in Sources */,
			);
			runOnlyForDeploymentPostprocessing = 0;
		};
/* End PBXSourcesBuildPhase section */

/* Begin PBXVariantGroup section */
		4C2BC63C1F54F1D30097C7BE /* Main.storyboard */ = {
			isa = PBXVariantGroup;
			children = (
				4C2BC63D1F54F1D30097C7BE /* Base */,
			);
			name = Main.storyboard;
			sourceTree = "<group>";
		};
		4C2BC6411F54F1D30097C7BE /* LaunchScreen.storyboard */ = {
			isa = PBXVariantGroup;
			children = (
				4C2BC6421F54F1D30097C7BE /* Base */,
			);
			name = LaunchScreen.storyboard;
			sourceTree = "<group>";
		};
/* End PBXVariantGroup section */

/* Begin XCBuildConfiguration section */
		4C2BC6451F54F1D30097C7BE /* Debug */ = {
			isa = XCBuildConfiguration;
			buildSettings = {
				ALWAYS_SEARCH_USER_PATHS = NO;
				CLANG_ANALYZER_NONNULL = YES;
				CLANG_ANALYZER_NUMBER_OBJECT_CONVERSION = YES_AGGRESSIVE;
				CLANG_CXX_LANGUAGE_STANDARD = "gnu++0x";
				CLANG_CXX_LIBRARY = "libc++";
				CLANG_ENABLE_MODULES = YES;
				CLANG_ENABLE_OBJC_ARC = YES;
				CLANG_WARN_BOOL_CONVERSION = YES;
				CLANG_WARN_CONSTANT_CONVERSION = YES;
				CLANG_WARN_DIRECT_OBJC_ISA_USAGE = YES_ERROR;
				CLANG_WARN_DOCUMENTATION_COMMENTS = YES;
				CLANG_WARN_EMPTY_BODY = YES;
				CLANG_WARN_ENUM_CONVERSION = YES;
				CLANG_WARN_INFINITE_RECURSION = YES;
				CLANG_WARN_INT_CONVERSION = YES;
				CLANG_WARN_OBJC_ROOT_CLASS = YES_ERROR;
				CLANG_WARN_SUSPICIOUS_MOVE = YES;
				CLANG_WARN_UNREACHABLE_CODE = YES;
				CLANG_WARN__DUPLICATE_METHOD_MATCH = YES;
				"CODE_SIGN_IDENTITY[sdk=iphoneos*]" = "iPhone Developer";
				COPY_PHASE_STRIP = NO;
				DEBUG_INFORMATION_FORMAT = dwarf;
				ENABLE_STRICT_OBJC_MSGSEND = YES;
				ENABLE_TESTABILITY = YES;
				GCC_C_LANGUAGE_STANDARD = gnu99;
				GCC_DYNAMIC_NO_PIC = NO;
				GCC_NO_COMMON_BLOCKS = YES;
				GCC_OPTIMIZATION_LEVEL = 0;
				GCC_PREPROCESSOR_DEFINITIONS = (
					"DEBUG=1",
					"$(inherited)",
				);
				GCC_WARN_64_TO_32_BIT_CONVERSION = YES;
				GCC_WARN_ABOUT_RETURN_TYPE = YES_ERROR;
				GCC_WARN_UNDECLARED_SELECTOR = YES;
				GCC_WARN_UNINITIALIZED_AUTOS = YES_AGGRESSIVE;
				GCC_WARN_UNUSED_FUNCTION = YES;
				GCC_WARN_UNUSED_VARIABLE = YES;
				IPHONEOS_DEPLOYMENT_TARGET = 10.2;
				MTL_ENABLE_DEBUG_INFO = YES;
				ONLY_ACTIVE_ARCH = YES;
				SDKROOT = iphoneos;
				SWIFT_ACTIVE_COMPILATION_CONDITIONS = DEBUG;
				SWIFT_OPTIMIZATION_LEVEL = "-Onone";
				TARGETED_DEVICE_FAMILY = "1,2";
			};
			name = Debug;
		};
		4C2BC6461F54F1D30097C7BE /* Release */ = {
			isa = XCBuildConfiguration;
			buildSettings = {
				ALWAYS_SEARCH_USER_PATHS = NO;
				CLANG_ANALYZER_NONNULL = YES;
				CLANG_ANALYZER_NUMBER_OBJECT_CONVERSION = YES_AGGRESSIVE;
				CLANG_CXX_LANGUAGE_STANDARD = "gnu++0x";
				CLANG_CXX_LIBRARY = "libc++";
				CLANG_ENABLE_MODULES = YES;
				CLANG_ENABLE_OBJC_ARC = YES;
				CLANG_WARN_BOOL_CONVERSION = YES;
				CLANG_WARN_CONSTANT_CONVERSION = YES;
				CLANG_WARN_DIRECT_OBJC_ISA_USAGE = YES_ERROR;
				CLANG_WARN_DOCUMENTATION_COMMENTS = YES;
				CLANG_WARN_EMPTY_BODY = YES;
				CLANG_WARN_ENUM_CONVERSION = YES;
				CLANG_WARN_INFINITE_RECURSION = YES;
				CLANG_WARN_INT_CONVERSION = YES;
				CLANG_WARN_OBJC_ROOT_CLASS = YES_ERROR;
				CLANG_WARN_SUSPICIOUS_MOVE = YES;
				CLANG_WARN_UNREACHABLE_CODE = YES;
				CLANG_WARN__DUPLICATE_METHOD_MATCH = YES;
				"CODE_SIGN_IDENTITY[sdk=iphoneos*]" = "iPhone Developer";
				COPY_PHASE_STRIP = NO;
				DEBUG_INFORMATION_FORMAT = "dwarf-with-dsym";
				ENABLE_NS_ASSERTIONS = NO;
				ENABLE_STRICT_OBJC_MSGSEND = YES;
				GCC_C_LANGUAGE_STANDARD = gnu99;
				GCC_NO_COMMON_BLOCKS = YES;
				GCC_WARN_64_TO_32_BIT_CONVERSION = YES;
				GCC_WARN_ABOUT_RETURN_TYPE = YES_ERROR;
				GCC_WARN_UNDECLARED_SELECTOR = YES;
				GCC_WARN_UNINITIALIZED_AUTOS = YES_AGGRESSIVE;
				GCC_WARN_UNUSED_FUNCTION = YES;
				GCC_WARN_UNUSED_VARIABLE = YES;
				IPHONEOS_DEPLOYMENT_TARGET = 10.2;
				MTL_ENABLE_DEBUG_INFO = NO;
				SDKROOT = iphoneos;
				SWIFT_OPTIMIZATION_LEVEL = "-Owholemodule";
				TARGETED_DEVICE_FAMILY = "1,2";
				VALIDATE_PRODUCT = YES;
			};
			name = Release;
		};
		4C2BC6481F54F1D30097C7BE /* Debug */ = {
			isa = XCBuildConfiguration;
			buildSettings = {
				ASSETCATALOG_COMPILER_APPICON_NAME = AppIcon;
				DEVELOPMENT_TEAM = 9W2Z9UAU5L;
				INFOPLIST_FILE = Calculator/Info.plist;
				LD_RUNPATH_SEARCH_PATHS = "$(inherited) @executable_path/Frameworks";
				PRODUCT_BUNDLE_IDENTIFIER = edu.rice.comp446.msb4.Calculator;
				PRODUCT_NAME = "$(TARGET_NAME)";
				SWIFT_VERSION = 3.0;
			};
			name = Debug;
		};
		4C2BC6491F54F1D30097C7BE /* Release */ = {
			isa = XCBuildConfiguration;
			buildSettings = {
				ASSETCATALOG_COMPILER_APPICON_NAME = AppIcon;
				DEVELOPMENT_TEAM = 9W2Z9UAU5L;
				INFOPLIST_FILE = Calculator/Info.plist;
				LD_RUNPATH_SEARCH_PATHS = "$(inherited) @executable_path/Frameworks";
				PRODUCT_BUNDLE_IDENTIFIER = edu.rice.comp446.msb4.Calculator;
				PRODUCT_NAME = "$(TARGET_NAME)";
				SWIFT_VERSION = 3.0;
			};
			name = Release;
		};
/* End XCBuildConfiguration section */

/* Begin XCConfigurationList section */
		4C2BC6301F54F1D30097C7BE /* Build configuration list for PBXProject "Calculator" */ = {
			isa = XCConfigurationList;
			buildConfigurations = (
				4C2BC6451F54F1D30097C7BE /* Debug */,
				4C2BC6461F54F1D30097C7BE /* Release */,
			);
			defaultConfigurationIsVisible = 0;
			defaultConfigurationName = Release;
		};
		4C2BC6471F54F1D30097C7BE /* Build configuration list for PBXNativeTarget "Calculator" */ = {
			isa = XCConfigurationList;
			buildConfigurations = (
				4C2BC6481F54F1D30097C7BE /* Debug */,
				4C2BC6491F54F1D30097C7BE /* Release */,
			);
			defaultConfigurationIsVisible = 0;
			defaultConfigurationName = Release;
		};
/* End XCConfigurationList section */
	};
	rootObject = 4C2BC62D1F54F1D30097C7BE /* Project object */;
}
